
Microsoft Visual Studio Solution File, Format Version 12.00
# Visual Studio Version 16
VisualStudioVersion = 16.0.29806.167
MinimumVisualStudioVersion = 10.0.40219.1
Project("{FAE04EC0-301F-11D3-BF4B-00C04F79EFBC}") = "KoikatuGameplayMod", "KoikatuGameplayMod\KoikatuGameplayMod.csproj", "{9A51CFCB-A18A-428A-843A-FE7CF2EEF523}"
EndProject
Project("{FAE04EC0-301F-11D3-BF4B-00C04F79EFBC}") = "KK_NightDarkener", "KK_NightDarkener\KK_NightDarkener.csproj", "{EA097539-121F-4DCB-ACAE-B4BE2076BABE}"
EndProject
Project("{FAE04EC0-301F-11D3-BF4B-00C04F79EFBC}") = "KK_Pregnancy", "KK_Pregnancy\KK_Pregnancy.csproj", "{930A00A6-2935-4EA0-81F0-B16D3E71B74C}"
EndProject
Project("{FAE04EC0-301F-11D3-BF4B-00C04F79EFBC}") = "OrthographicCamera", "OrthographicCamera\OrthographicCamera.csproj", "{7F7A7273-500B-41EB-B229-9B374FC5598D}"
EndProject
Project("{FAE04EC0-301F-11D3-BF4B-00C04F79EFBC}") = "KK_MoanSoftly", "KK_MoanSoftly\KK_MoanSoftly.csproj", "{E3DC203A-C84C-4D46-BEC0-8A3D612FC5D6}"
EndProject
Project("{FAE04EC0-301F-11D3-BF4B-00C04F79EFBC}") = "KK_MobAdder", "KK_MobAdder\KK_MobAdder.csproj", "{9FAC5A23-BF01-459B-9AE4-6DC1187DF808}"
EndProject
Project("{FAE04EC0-301F-11D3-BF4B-00C04F79EFBC}") = "KK_WarpToCharacters", "KK_WarpToCharacters\KK_WarpToCharacters.csproj", "{033339B2-01B3-4CC0-9732-BF88ED5ACF98}"
EndProject
Project("{FAE04EC0-301F-11D3-BF4B-00C04F79EFBC}") = "StudioCameraObjectTweaks", "StudioCameraObjectTweaks\StudioCameraObjectTweaks.csproj", "{1CA4932C-0B11-40CF-B906-23CCC52AD7E1}"
EndProject
Project("{FAE04EC0-301F-11D3-BF4B-00C04F79EFBC}") = "KK_Bulge", "KK_Bulge\KK_Bulge.csproj", "{904B04C0-5095-40F9-915A-005F80BC2CB1}"
EndProject
Project("{FAE04EC0-301F-11D3-BF4B-00C04F79EFBC}") = "KK_LewdCrestX", "KK_LewdCrestX\KK_LewdCrestX.csproj", "{5B1134DE-7840-4309-83F9-843606F01727}"
EndProject
Global
	GlobalSection(SolutionConfigurationPlatforms) = preSolution
		Debug|Any CPU = Debug|Any CPU
		Release|Any CPU = Release|Any CPU
	EndGlobalSection
	GlobalSection(ProjectConfigurationPlatforms) = postSolution
		{9A51CFCB-A18A-428A-843A-FE7CF2EEF523}.Debug|Any CPU.ActiveCfg = Debug|Any CPU
		{9A51CFCB-A18A-428A-843A-FE7CF2EEF523}.Debug|Any CPU.Build.0 = Debug|Any CPU
		{9A51CFCB-A18A-428A-843A-FE7CF2EEF523}.Release|Any CPU.ActiveCfg = Release|Any CPU
		{9A51CFCB-A18A-428A-843A-FE7CF2EEF523}.Release|Any CPU.Build.0 = Release|Any CPU
		{EA097539-121F-4DCB-ACAE-B4BE2076BABE}.Debug|Any CPU.ActiveCfg = Debug|Any CPU
		{EA097539-121F-4DCB-ACAE-B4BE2076BABE}.Debug|Any CPU.Build.0 = Debug|Any CPU
		{EA097539-121F-4DCB-ACAE-B4BE2076BABE}.Release|Any CPU.ActiveCfg = Release|Any CPU
		{EA097539-121F-4DCB-ACAE-B4BE2076BABE}.Release|Any CPU.Build.0 = Release|Any CPU
		{930A00A6-2935-4EA0-81F0-B16D3E71B74C}.Debug|Any CPU.ActiveCfg = Debug|Any CPU
		{930A00A6-2935-4EA0-81F0-B16D3E71B74C}.Debug|Any CPU.Build.0 = Debug|Any CPU
		{930A00A6-2935-4EA0-81F0-B16D3E71B74C}.Release|Any CPU.ActiveCfg = Release|Any CPU
		{930A00A6-2935-4EA0-81F0-B16D3E71B74C}.Release|Any CPU.Build.0 = Release|Any CPU
		{7F7A7273-500B-41EB-B229-9B374FC5598D}.Debug|Any CPU.ActiveCfg = Debug|Any CPU
		{7F7A7273-500B-41EB-B229-9B374FC5598D}.Debug|Any CPU.Build.0 = Debug|Any CPU
		{7F7A7273-500B-41EB-B229-9B374FC5598D}.Release|Any CPU.ActiveCfg = Release|Any CPU
		{7F7A7273-500B-41EB-B229-9B374FC5598D}.Release|Any CPU.Build.0 = Release|Any CPU
		{E3DC203A-C84C-4D46-BEC0-8A3D612FC5D6}.Debug|Any CPU.ActiveCfg = Debug|Any CPU
		{E3DC203A-C84C-4D46-BEC0-8A3D612FC5D6}.Debug|Any CPU.Build.0 = Debug|Any CPU
		{E3DC203A-C84C-4D46-BEC0-8A3D612FC5D6}.Release|Any CPU.ActiveCfg = Release|Any CPU
		{E3DC203A-C84C-4D46-BEC0-8A3D612FC5D6}.Release|Any CPU.Build.0 = Release|Any CPU
		{9FAC5A23-BF01-459B-9AE4-6DC1187DF808}.Debug|Any CPU.ActiveCfg = Debug|Any CPU
		{9FAC5A23-BF01-459B-9AE4-6DC1187DF808}.Debug|Any CPU.Build.0 = Debug|Any CPU
		{9FAC5A23-BF01-459B-9AE4-6DC1187DF808}.Release|Any CPU.ActiveCfg = Release|Any CPU
		{9FAC5A23-BF01-459B-9AE4-6DC1187DF808}.Release|Any CPU.Build.0 = Release|Any CPU
		{033339B2-01B3-4CC0-9732-BF88ED5ACF98}.Debug|Any CPU.ActiveCfg = Debug|Any CPU
		{033339B2-01B3-4CC0-9732-BF88ED5ACF98}.Debug|Any CPU.Build.0 = Debug|Any CPU
		{033339B2-01B3-4CC0-9732-BF88ED5ACF98}.Release|Any CPU.ActiveCfg = Release|Any CPU
		{033339B2-01B3-4CC0-9732-BF88ED5ACF98}.Release|Any CPU.Build.0 = Release|Any CPU
		{1CA4932C-0B11-40CF-B906-23CCC52AD7E1}.Debug|Any CPU.ActiveCfg = Debug|Any CPU
		{1CA4932C-0B11-40CF-B906-23CCC52AD7E1}.Debug|Any CPU.Build.0 = Debug|Any CPU
		{1CA4932C-0B11-40CF-B906-23CCC52AD7E1}.Release|Any CPU.ActiveCfg = Release|Any CPU
		{1CA4932C-0B11-40CF-B906-23CCC52AD7E1}.Release|Any CPU.Build.0 = Release|Any CPU
		{904B04C0-5095-40F9-915A-005F80BC2CB1}.Debug|Any CPU.ActiveCfg = Debug|Any CPU
		{904B04C0-5095-40F9-915A-005F80BC2CB1}.Debug|Any CPU.Build.0 = Debug|Any CPU
		{904B04C0-5095-40F9-915A-005F80BC2CB1}.Release|Any CPU.ActiveCfg = Release|Any CPU
		{904B04C0-5095-40F9-915A-005F80BC2CB1}.Release|Any CPU.Build.0 = Release|Any CPU
		{5B1134DE-7840-4309-83F9-843606F01727}.Debug|Any CPU.ActiveCfg = Debug|Any CPU
		{5B1134DE-7840-4309-83F9-843606F01727}.Debug|Any CPU.Build.0 = Debug|Any CPU
		{5B1134DE-7840-4309-83F9-843606F01727}.Release|Any CPU.ActiveCfg = Release|Any CPU
		{5B1134DE-7840-4309-83F9-843606F01727}.Release|Any CPU.Build.0 = Release|Any CPU
	EndGlobalSection
	GlobalSection(SolutionProperties) = preSolution
		HideSolutionNode = FALSE
	EndGlobalSection
	GlobalSection(ExtensibilityGlobals) = postSolution
		SolutionGuid = {19B0272D-3305-4C60-8DD9-E15889B2FF54}
	EndGlobalSection
EndGlobal
