
Microsoft Visual Studio Solution File, Format Version 12.00
# Visual Studio Version 16
VisualStudioVersion = 16.0.29806.167
MinimumVisualStudioVersion = 10.0.40219.1
Project("{FAE04EC0-301F-11D3-BF4B-00C04F79EFBC}") = "KoikatuGameplayMod", "KoikatuGameplayMod\KoikatuGameplayMod.csproj", "{9A51CFCB-A18A-428A-843A-FE7CF2EEF523}"
EndProject
Project("{FAE04EC0-301F-11D3-BF4B-00C04F79EFBC}") = "KK_NightDarkener", "KK_NightDarkener\KK_NightDarkener.csproj", "{EA097539-121F-4DCB-ACAE-B4BE2076BABE}"
EndProject
Project("{FAE04EC0-301F-11D3-BF4B-00C04F79EFBC}") = "KK_Pregnancy", "KK_Pregnancy\KK_Pregnancy.csproj", "{930A00A6-2935-4EA0-81F0-B16D3E71B74C}"
EndProject
Project("{FAE04EC0-301F-11D3-BF4B-00C04F79EFBC}") = "AI_Pregnancy", "AI_Pregnancy\AI_Pregnancy.csproj", "{930A00A6-2935-4EA0-81F0-C16D3E71B74C}"
EndProject
Project("{FAE04EC0-301F-11D3-BF4B-00C04F79EFBC}") = "OrthographicCamera", "OrthographicCamera\OrthographicCamera.csproj", "{7F7A7273-500B-41EB-B229-9B374FC5598D}"
EndProject
Project("{FAE04EC0-301F-11D3-BF4B-00C04F79EFBC}") = "KK_MoanSoftly", "KK_MoanSoftly\KK_MoanSoftly.csproj", "{E3DC203A-C84C-4D46-BEC0-8A3D612FC5D6}"
EndProject
Project("{FAE04EC0-301F-11D3-BF4B-00C04F79EFBC}") = "KK_MobAdder", "KK_MobAdder\KK_MobAdder.csproj", "{9FAC5A23-BF01-459B-9AE4-6DC1187DF808}"
EndProject
Project("{FAE04EC0-301F-11D3-BF4B-00C04F79EFBC}") = "KK_WarpToCharacters", "KK_WarpToCharacters\KK_WarpToCharacters.csproj", "{033339B2-01B3-4CC0-9732-BF88ED5ACF98}"
EndProject
Project("{FAE04EC0-301F-11D3-BF4B-00C04F79EFBC}") = "StudioCameraObjectTweaks", "StudioCameraObjectTweaks\StudioCameraObjectTweaks.csproj", "{1CA4932C-0B11-40CF-B906-23CCC52AD7E1}"
EndProject
Project("{FAE04EC0-301F-11D3-BF4B-00C04F79EFBC}") = "KK_Bulge", "KK_Bulge\KK_Bulge.csproj", "{904B04C0-5095-40F9-915A-005F80BC2CB1}"
EndProject
Project("{FAE04EC0-301F-11D3-BF4B-00C04F79EFBC}") = "KK_LewdCrestX", "KK_LewdCrestX\KK_LewdCrestX.csproj", "{5B1134DE-7840-4309-83F9-843606F01727}"
EndProject
Project("{2150E333-8FDC-42A3-9474-1A3956D46DE8}") = "Pregnancy", "Pregnancy", "{1C61B7E0-3603-4193-9B05-A5FF0CAFBD11}"
EndProject
Project("{FAE04EC0-301F-11D3-BF4B-00C04F79EFBC}") = "AI_Bulge", "AI_Bulge\AI_Bulge.csproj", "{49CAD984-906A-4B18-9982-E003D8668FE4}"
EndProject
Project("{2150E333-8FDC-42A3-9474-1A3956D46DE8}") = "Bulge", "Bulge", "{C75FFBF1-9DCE-4BC4-9F20-F95B243ABEE3}"
EndProject
Project("{D954291E-2A0B-460D-934E-DC6B0785DB48}") = "Core_Bulge", "Core_Bulge\Core_Bulge.shproj", "{3E03B28F-BC65-459F-89E5-70D89905D636}"
EndProject
Project("{FAE04EC0-301F-11D3-BF4B-00C04F79EFBC}") = "KKS_Bulge", "KKS_Bulge\KKS_Bulge.csproj", "{0F6B651E-D1F9-467F-A8F3-D1006C277E51}"
EndProject
Global
	GlobalSection(SharedMSBuildProjectFiles) = preSolution
		Core_Bulge\Core_Bulge.projitems*{0f6b651e-d1f9-467f-a8f3-d1006c277e51}*SharedItemsImports = 4
		Core_Bulge\Core_Bulge.projitems*{3e03b28f-bc65-459f-89e5-70d89905d636}*SharedItemsImports = 13
		Core_Bulge\Core_Bulge.projitems*{49cad984-906a-4b18-9982-e003d8668fe4}*SharedItemsImports = 4
		Core_Bulge\Core_Bulge.projitems*{904b04c0-5095-40f9-915a-005f80bc2cb1}*SharedItemsImports = 4
	EndGlobalSection
	GlobalSection(SolutionConfigurationPlatforms) = preSolution
		Debug|Any CPU = Debug|Any CPU
		Release|Any CPU = Release|Any CPU
	EndGlobalSection
	GlobalSection(ProjectConfigurationPlatforms) = postSolution
		{9A51CFCB-A18A-428A-843A-FE7CF2EEF523}.Debug|Any CPU.ActiveCfg = Debug|Any CPU
		{9A51CFCB-A18A-428A-843A-FE7CF2EEF523}.Debug|Any CPU.Build.0 = Debug|Any CPU
		{9A51CFCB-A18A-428A-843A-FE7CF2EEF523}.Release|Any CPU.ActiveCfg = Release|Any CPU
		{9A51CFCB-A18A-428A-843A-FE7CF2EEF523}.Release|Any CPU.Build.0 = Release|Any CPU
		{EA097539-121F-4DCB-ACAE-B4BE2076BABE}.Debug|Any CPU.ActiveCfg = Debug|Any CPU
		{EA097539-121F-4DCB-ACAE-B4BE2076BABE}.Debug|Any CPU.Build.0 = Debug|Any CPU
		{EA097539-121F-4DCB-ACAE-B4BE2076BABE}.Release|Any CPU.ActiveCfg = Release|Any CPU
		{EA097539-121F-4DCB-ACAE-B4BE2076BABE}.Release|Any CPU.Build.0 = Release|Any CPU
		{930A00A6-2935-4EA0-81F0-B16D3E71B74C}.Debug|Any CPU.ActiveCfg = Debug|Any CPU
		{930A00A6-2935-4EA0-81F0-B16D3E71B74C}.Debug|Any CPU.Build.0 = Debug|Any CPU
		{930A00A6-2935-4EA0-81F0-B16D3E71B74C}.Release|Any CPU.ActiveCfg = Release|Any CPU
		{930A00A6-2935-4EA0-81F0-B16D3E71B74C}.Release|Any CPU.Build.0 = Release|Any CPU
		{930A00A6-2935-4EA0-81F0-C16D3E71B74C}.Debug|Any CPU.ActiveCfg = Debug|Any CPU
		{930A00A6-2935-4EA0-81F0-C16D3E71B74C}.Debug|Any CPU.Build.0 = Debug|Any CPU
		{930A00A6-2935-4EA0-81F0-C16D3E71B74C}.Release|Any CPU.ActiveCfg = Release|Any CPU
		{930A00A6-2935-4EA0-81F0-C16D3E71B74C}.Release|Any CPU.Build.0 = Release|Any CPU
		{7F7A7273-500B-41EB-B229-9B374FC5598D}.Debug|Any CPU.ActiveCfg = Debug|Any CPU
		{7F7A7273-500B-41EB-B229-9B374FC5598D}.Debug|Any CPU.Build.0 = Debug|Any CPU
		{7F7A7273-500B-41EB-B229-9B374FC5598D}.Release|Any CPU.ActiveCfg = Release|Any CPU
		{7F7A7273-500B-41EB-B229-9B374FC5598D}.Release|Any CPU.Build.0 = Release|Any CPU
		{E3DC203A-C84C-4D46-BEC0-8A3D612FC5D6}.Debug|Any CPU.ActiveCfg = Debug|Any CPU
		{E3DC203A-C84C-4D46-BEC0-8A3D612FC5D6}.Debug|Any CPU.Build.0 = Debug|Any CPU
		{E3DC203A-C84C-4D46-BEC0-8A3D612FC5D6}.Release|Any CPU.ActiveCfg = Release|Any CPU
		{E3DC203A-C84C-4D46-BEC0-8A3D612FC5D6}.Release|Any CPU.Build.0 = Release|Any CPU
		{9FAC5A23-BF01-459B-9AE4-6DC1187DF808}.Debug|Any CPU.ActiveCfg = Debug|Any CPU
		{9FAC5A23-BF01-459B-9AE4-6DC1187DF808}.Debug|Any CPU.Build.0 = Debug|Any CPU
		{9FAC5A23-BF01-459B-9AE4-6DC1187DF808}.Release|Any CPU.ActiveCfg = Release|Any CPU
		{9FAC5A23-BF01-459B-9AE4-6DC1187DF808}.Release|Any CPU.Build.0 = Release|Any CPU
		{033339B2-01B3-4CC0-9732-BF88ED5ACF98}.Debug|Any CPU.ActiveCfg = Debug|Any CPU
		{033339B2-01B3-4CC0-9732-BF88ED5ACF98}.Debug|Any CPU.Build.0 = Debug|Any CPU
		{033339B2-01B3-4CC0-9732-BF88ED5ACF98}.Release|Any CPU.ActiveCfg = Release|Any CPU
		{033339B2-01B3-4CC0-9732-BF88ED5ACF98}.Release|Any CPU.Build.0 = Release|Any CPU
		{1CA4932C-0B11-40CF-B906-23CCC52AD7E1}.Debug|Any CPU.ActiveCfg = Debug|Any CPU
		{1CA4932C-0B11-40CF-B906-23CCC52AD7E1}.Debug|Any CPU.Build.0 = Debug|Any CPU
		{1CA4932C-0B11-40CF-B906-23CCC52AD7E1}.Release|Any CPU.ActiveCfg = Release|Any CPU
		{1CA4932C-0B11-40CF-B906-23CCC52AD7E1}.Release|Any CPU.Build.0 = Release|Any CPU
		{904B04C0-5095-40F9-915A-005F80BC2CB1}.Debug|Any CPU.ActiveCfg = Debug|Any CPU
		{904B04C0-5095-40F9-915A-005F80BC2CB1}.Debug|Any CPU.Build.0 = Debug|Any CPU
		{904B04C0-5095-40F9-915A-005F80BC2CB1}.Release|Any CPU.ActiveCfg = Release|Any CPU
		{904B04C0-5095-40F9-915A-005F80BC2CB1}.Release|Any CPU.Build.0 = Release|Any CPU
		{5B1134DE-7840-4309-83F9-843606F01727}.Debug|Any CPU.ActiveCfg = Debug|Any CPU
		{5B1134DE-7840-4309-83F9-843606F01727}.Debug|Any CPU.Build.0 = Debug|Any CPU
		{5B1134DE-7840-4309-83F9-843606F01727}.Release|Any CPU.ActiveCfg = Release|Any CPU
		{5B1134DE-7840-4309-83F9-843606F01727}.Release|Any CPU.Build.0 = Release|Any CPU
		{49CAD984-906A-4B18-9982-E003D8668FE4}.Debug|Any CPU.ActiveCfg = Debug|Any CPU
		{49CAD984-906A-4B18-9982-E003D8668FE4}.Debug|Any CPU.Build.0 = Debug|Any CPU
		{49CAD984-906A-4B18-9982-E003D8668FE4}.Release|Any CPU.ActiveCfg = Release|Any CPU
		{49CAD984-906A-4B18-9982-E003D8668FE4}.Release|Any CPU.Build.0 = Release|Any CPU
		{0F6B651E-D1F9-467F-A8F3-D1006C277E51}.Debug|Any CPU.ActiveCfg = Debug|Any CPU
		{0F6B651E-D1F9-467F-A8F3-D1006C277E51}.Debug|Any CPU.Build.0 = Debug|Any CPU
		{0F6B651E-D1F9-467F-A8F3-D1006C277E51}.Release|Any CPU.ActiveCfg = Release|Any CPU
		{0F6B651E-D1F9-467F-A8F3-D1006C277E51}.Release|Any CPU.Build.0 = Release|Any CPU
	EndGlobalSection
	GlobalSection(SolutionProperties) = preSolution
		HideSolutionNode = FALSE
	EndGlobalSection
	GlobalSection(NestedProjects) = preSolution
		{930A00A6-2935-4EA0-81F0-B16D3E71B74C} = {1C61B7E0-3603-4193-9B05-A5FF0CAFBD11}
		{930A00A6-2935-4EA0-81F0-C16D3E71B74C} = {1C61B7E0-3603-4193-9B05-A5FF0CAFBD11}
		{904B04C0-5095-40F9-915A-005F80BC2CB1} = {C75FFBF1-9DCE-4BC4-9F20-F95B243ABEE3}
		{49CAD984-906A-4B18-9982-E003D8668FE4} = {C75FFBF1-9DCE-4BC4-9F20-F95B243ABEE3}
		{3E03B28F-BC65-459F-89E5-70D89905D636} = {C75FFBF1-9DCE-4BC4-9F20-F95B243ABEE3}
		{0F6B651E-D1F9-467F-A8F3-D1006C277E51} = {C75FFBF1-9DCE-4BC4-9F20-F95B243ABEE3}
	EndGlobalSection
	GlobalSection(ExtensibilityGlobals) = postSolution
		SolutionGuid = {19B0272D-3305-4C60-8DD9-E15889B2FF54}
	EndGlobalSection
EndGlobal
