
Microsoft Visual Studio Solution File, Format Version 12.00
# Visual Studio Version 17
VisualStudioVersion = 17.5.33424.131
MinimumVisualStudioVersion = 10.0.40219.1
Project("{FAE04EC0-301F-11D3-BF4B-00C04F79EFBC}") = "KK_GameplayMod", "KK_GameplayMod\KK_GameplayMod.csproj", "{9A51CFCB-A18A-428A-843A-FE7CF2EEF523}"
EndProject
Project("{FAE04EC0-301F-11D3-BF4B-00C04F79EFBC}") = "KK_NightDarkener", "KK_NightDarkener\KK_NightDarkener.csproj", "{EA097539-121F-4DCB-ACAE-B4BE2076BABE}"
EndProject
Project("{FAE04EC0-301F-11D3-BF4B-00C04F79EFBC}") = "KK_Pregnancy", "KK_Pregnancy\KK_Pregnancy.csproj", "{930A00A6-2935-4EA0-81F0-B16D3E71B74C}"
EndProject
Project("{FAE04EC0-301F-11D3-BF4B-00C04F79EFBC}") = "AI_Pregnancy", "AI_Pregnancy\AI_Pregnancy.csproj", "{930A00A6-2935-4EA0-81F0-C16D3E71B74C}"
EndProject
Project("{FAE04EC0-301F-11D3-BF4B-00C04F79EFBC}") = "OrthographicCamera", "OrthographicCamera\OrthographicCamera.csproj", "{7F7A7273-500B-41EB-B229-9B374FC5598D}"
EndProject
Project("{FAE04EC0-301F-11D3-BF4B-00C04F79EFBC}") = "KK_MoanSoftly", "KK_MoanSoftly\KK_MoanSoftly.csproj", "{E3DC203A-C84C-4D46-BEC0-8A3D612FC5D6}"
EndProject
Project("{FAE04EC0-301F-11D3-BF4B-00C04F79EFBC}") = "KK_MobAdder", "KK_MobAdder\KK_MobAdder.csproj", "{9FAC5A23-BF01-459B-9AE4-6DC1187DF808}"
EndProject
Project("{FAE04EC0-301F-11D3-BF4B-00C04F79EFBC}") = "KK_WarpToCharacters", "KK_WarpToCharacters\KK_WarpToCharacters.csproj", "{033339B2-01B3-4CC0-9732-BF88ED5ACF98}"
EndProject
Project("{FAE04EC0-301F-11D3-BF4B-00C04F79EFBC}") = "StudioCameraObjectTweaks", "StudioCameraObjectTweaks\StudioCameraObjectTweaks.csproj", "{1CA4932C-0B11-40CF-B906-23CCC52AD7E1}"
EndProject
Project("{FAE04EC0-301F-11D3-BF4B-00C04F79EFBC}") = "KK_Bulge", "KK_Bulge\KK_Bulge.csproj", "{904B04C0-5095-40F9-915A-005F80BC2CB1}"
EndProject
Project("{FAE04EC0-301F-11D3-BF4B-00C04F79EFBC}") = "KK_LewdCrestX", "KK_LewdCrestX\KK_LewdCrestX.csproj", "{5B1134DE-7840-4309-83F9-843606F01727}"
EndProject
Project("{2150E333-8FDC-42A3-9474-1A3956D46DE8}") = "Pregnancy", "Pregnancy", "{1C61B7E0-3603-4193-9B05-A5FF0CAFBD11}"
EndProject
Project("{FAE04EC0-301F-11D3-BF4B-00C04F79EFBC}") = "AI_Bulge", "AI_Bulge\AI_Bulge.csproj", "{49CAD984-906A-4B18-9982-E003D8668FE4}"
EndProject
Project("{2150E333-8FDC-42A3-9474-1A3956D46DE8}") = "Bulge", "Bulge", "{C75FFBF1-9DCE-4BC4-9F20-F95B243ABEE3}"
EndProject
Project("{D954291E-2A0B-460D-934E-DC6B0785DB48}") = "Core_Bulge", "Core_Bulge\Core_Bulge.shproj", "{3E03B28F-BC65-459F-89E5-70D89905D636}"
EndProject
Project("{FAE04EC0-301F-11D3-BF4B-00C04F79EFBC}") = "KKS_Bulge", "KKS_Bulge\KKS_Bulge.csproj", "{0F6B651E-D1F9-467F-A8F3-D1006C277E51}"
EndProject
Project("{2150E333-8FDC-42A3-9474-1A3956D46DE8}") = "GameplayMod", "GameplayMod", "{5DECD423-5B05-4F46-AB72-7CA9CCB27E0C}"
EndProject
Project("{FAE04EC0-301F-11D3-BF4B-00C04F79EFBC}") = "KKS_GameplayMod", "KKS_GameplayMod\KKS_GameplayMod.csproj", "{15A4DF23-86EA-49B4-B120-E8F123F8DAFE}"
EndProject
Project("{D954291E-2A0B-460D-934E-DC6B0785DB48}") = "Core_GameplayMod", "Core_GameplayMod\Core_GameplayMod.shproj", "{C9650F99-DF26-4D54-9826-5F77275C9D31}"
EndProject
Project("{FAE04EC0-301F-11D3-BF4B-00C04F79EFBC}") = "KKS_Pregnancy", "KKS_Pregnancy\KKS_Pregnancy.csproj", "{736EB022-A7B9-43AA-95C3-05A84B57F7E7}"
EndProject
Project("{D954291E-2A0B-460D-934E-DC6B0785DB48}") = "Core_Pregnancy_KK", "Core_Pregnancy_KK\Core_Pregnancy_KK.shproj", "{3C122EF8-491B-447B-94E4-ADA9D818403C}"
EndProject
Project("{2150E333-8FDC-42A3-9474-1A3956D46DE8}") = "LewdCrestX", "LewdCrestX", "{52326CC0-4619-41C5-9D9A-8D44BADFBA2F}"
EndProject
Project("{D954291E-2A0B-460D-934E-DC6B0785DB48}") = "Core_LewdCrestX", "Core_LewdCrestX\Core_LewdCrestX.shproj", "{D86DABEA-94CE-4FBF-818B-ADB7B0134CB0}"
EndProject
Project("{FAE04EC0-301F-11D3-BF4B-00C04F79EFBC}") = "KKS_LewdCrestX", "KKS_LewdCrestX\KKS_LewdCrestX.csproj", "{45953D5D-FCB8-48F1-8DD4-9D4FAA031B57}"
EndProject
Project("{FAE04EC0-301F-11D3-BF4B-00C04F79EFBC}") = "KKS_MoreShopItems", "KKS_MoreStoreItems\KKS_MoreShopItems.csproj", "{77C865CD-B068-4E41-8736-5B38386611EB}"
EndProject
Project("{2150E333-8FDC-42A3-9474-1A3956D46DE8}") = "MoanSoftly", "MoanSoftly", "{FC4A3B8A-ADBE-4DA1-9978-8157F89236DD}"
EndProject
Project("{D954291E-2A0B-460D-934E-DC6B0785DB48}") = "Core_MoanSoftly", "Core_MoanSoftly\Core_MoanSoftly.shproj", "{B5A960D4-AAF4-41D9-AE4D-5CCB29CEE4EB}"
EndProject
Project("{FAE04EC0-301F-11D3-BF4B-00C04F79EFBC}") = "KKS_MoanSoftly", "KKS_MoanSoftly\KKS_MoanSoftly.csproj", "{D8938702-94AE-48A4-B5D7-F31750BCC99C}"
EndProject
Project("{2150E333-8FDC-42A3-9474-1A3956D46DE8}") = "NightDarkener", "NightDarkener", "{D8B4C45B-D1CB-4A9B-9D7E-6570CCADDA7E}"
EndProject
Project("{FAE04EC0-301F-11D3-BF4B-00C04F79EFBC}") = "KKS_NightDarkener", "KKS_NightDarkener\KKS_NightDarkener.csproj", "{90279D2E-9680-4488-881E-6135BE1295D0}"
EndProject
Project("{D954291E-2A0B-460D-934E-DC6B0785DB48}") = "Core_NightDarkener", "Core_NightDarkener\Core_NightDarkener.shproj", "{9A37531D-CC0A-4891-8C2A-87BDE418138A}"
EndProject
Project("{FAE04EC0-301F-11D3-BF4B-00C04F79EFBC}") = "HS2_Bulge", "HS2_Bulge\HS2_Bulge.csproj", "{CFD72D0E-4E3C-4D22-B932-B9C35825B045}"
EndProject
Global
	GlobalSection(SolutionConfigurationPlatforms) = preSolution
		Debug|Any CPU = Debug|Any CPU
		Release|Any CPU = Release|Any CPU
	EndGlobalSection
	GlobalSection(ProjectConfigurationPlatforms) = postSolution
		{9A51CFCB-A18A-428A-843A-FE7CF2EEF523}.Debug|Any CPU.ActiveCfg = Debug|Any CPU
		{9A51CFCB-A18A-428A-843A-FE7CF2EEF523}.Debug|Any CPU.Build.0 = Debug|Any CPU
		{9A51CFCB-A18A-428A-843A-FE7CF2EEF523}.Release|Any CPU.ActiveCfg = Release|Any CPU
		{9A51CFCB-A18A-428A-843A-FE7CF2EEF523}.Release|Any CPU.Build.0 = Release|Any CPU
		{EA097539-121F-4DCB-ACAE-B4BE2076BABE}.Debug|Any CPU.ActiveCfg = Debug|Any CPU
		{EA097539-121F-4DCB-ACAE-B4BE2076BABE}.Debug|Any CPU.Build.0 = Debug|Any CPU
		{EA097539-121F-4DCB-ACAE-B4BE2076BABE}.Release|Any CPU.ActiveCfg = Release|Any CPU
		{EA097539-121F-4DCB-ACAE-B4BE2076BABE}.Release|Any CPU.Build.0 = Release|Any CPU
		{930A00A6-2935-4EA0-81F0-B16D3E71B74C}.Debug|Any CPU.ActiveCfg = Debug|Any CPU
		{930A00A6-2935-4EA0-81F0-B16D3E71B74C}.Debug|Any CPU.Build.0 = Debug|Any CPU
		{930A00A6-2935-4EA0-81F0-B16D3E71B74C}.Release|Any CPU.ActiveCfg = Release|Any CPU
		{930A00A6-2935-4EA0-81F0-B16D3E71B74C}.Release|Any CPU.Build.0 = Release|Any CPU
		{930A00A6-2935-4EA0-81F0-C16D3E71B74C}.Debug|Any CPU.ActiveCfg = Debug|Any CPU
		{930A00A6-2935-4EA0-81F0-C16D3E71B74C}.Debug|Any CPU.Build.0 = Debug|Any CPU
		{930A00A6-2935-4EA0-81F0-C16D3E71B74C}.Release|Any CPU.ActiveCfg = Release|Any CPU
		{930A00A6-2935-4EA0-81F0-C16D3E71B74C}.Release|Any CPU.Build.0 = Release|Any CPU
		{7F7A7273-500B-41EB-B229-9B374FC5598D}.Debug|Any CPU.ActiveCfg = Debug|Any CPU
		{7F7A7273-500B-41EB-B229-9B374FC5598D}.Debug|Any CPU.Build.0 = Debug|Any CPU
		{7F7A7273-500B-41EB-B229-9B374FC5598D}.Release|Any CPU.ActiveCfg = Release|Any CPU
		{7F7A7273-500B-41EB-B229-9B374FC5598D}.Release|Any CPU.Build.0 = Release|Any CPU
		{E3DC203A-C84C-4D46-BEC0-8A3D612FC5D6}.Debug|Any CPU.ActiveCfg = Debug|Any CPU
		{E3DC203A-C84C-4D46-BEC0-8A3D612FC5D6}.Debug|Any CPU.Build.0 = Debug|Any CPU
		{E3DC203A-C84C-4D46-BEC0-8A3D612FC5D6}.Release|Any CPU.ActiveCfg = Release|Any CPU
		{E3DC203A-C84C-4D46-BEC0-8A3D612FC5D6}.Release|Any CPU.Build.0 = Release|Any CPU
		{9FAC5A23-BF01-459B-9AE4-6DC1187DF808}.Debug|Any CPU.ActiveCfg = Debug|Any CPU
		{9FAC5A23-BF01-459B-9AE4-6DC1187DF808}.Debug|Any CPU.Build.0 = Debug|Any CPU
		{9FAC5A23-BF01-459B-9AE4-6DC1187DF808}.Release|Any CPU.ActiveCfg = Release|Any CPU
		{9FAC5A23-BF01-459B-9AE4-6DC1187DF808}.Release|Any CPU.Build.0 = Release|Any CPU
		{033339B2-01B3-4CC0-9732-BF88ED5ACF98}.Debug|Any CPU.ActiveCfg = Debug|Any CPU
		{033339B2-01B3-4CC0-9732-BF88ED5ACF98}.Debug|Any CPU.Build.0 = Debug|Any CPU
		{033339B2-01B3-4CC0-9732-BF88ED5ACF98}.Release|Any CPU.ActiveCfg = Release|Any CPU
		{033339B2-01B3-4CC0-9732-BF88ED5ACF98}.Release|Any CPU.Build.0 = Release|Any CPU
		{1CA4932C-0B11-40CF-B906-23CCC52AD7E1}.Debug|Any CPU.ActiveCfg = Debug|Any CPU
		{1CA4932C-0B11-40CF-B906-23CCC52AD7E1}.Debug|Any CPU.Build.0 = Debug|Any CPU
		{1CA4932C-0B11-40CF-B906-23CCC52AD7E1}.Release|Any CPU.ActiveCfg = Release|Any CPU
		{1CA4932C-0B11-40CF-B906-23CCC52AD7E1}.Release|Any CPU.Build.0 = Release|Any CPU
		{904B04C0-5095-40F9-915A-005F80BC2CB1}.Debug|Any CPU.ActiveCfg = Debug|Any CPU
		{904B04C0-5095-40F9-915A-005F80BC2CB1}.Debug|Any CPU.Build.0 = Debug|Any CPU
		{904B04C0-5095-40F9-915A-005F80BC2CB1}.Release|Any CPU.ActiveCfg = Release|Any CPU
		{904B04C0-5095-40F9-915A-005F80BC2CB1}.Release|Any CPU.Build.0 = Release|Any CPU
		{5B1134DE-7840-4309-83F9-843606F01727}.Debug|Any CPU.ActiveCfg = Debug|Any CPU
		{5B1134DE-7840-4309-83F9-843606F01727}.Debug|Any CPU.Build.0 = Debug|Any CPU
		{5B1134DE-7840-4309-83F9-843606F01727}.Release|Any CPU.ActiveCfg = Release|Any CPU
		{5B1134DE-7840-4309-83F9-843606F01727}.Release|Any CPU.Build.0 = Release|Any CPU
		{49CAD984-906A-4B18-9982-E003D8668FE4}.Debug|Any CPU.ActiveCfg = Debug|Any CPU
		{49CAD984-906A-4B18-9982-E003D8668FE4}.Debug|Any CPU.Build.0 = Debug|Any CPU
		{49CAD984-906A-4B18-9982-E003D8668FE4}.Release|Any CPU.ActiveCfg = Release|Any CPU
		{49CAD984-906A-4B18-9982-E003D8668FE4}.Release|Any CPU.Build.0 = Release|Any CPU
		{0F6B651E-D1F9-467F-A8F3-D1006C277E51}.Debug|Any CPU.ActiveCfg = Debug|Any CPU
		{0F6B651E-D1F9-467F-A8F3-D1006C277E51}.Debug|Any CPU.Build.0 = Debug|Any CPU
		{0F6B651E-D1F9-467F-A8F3-D1006C277E51}.Release|Any CPU.ActiveCfg = Release|Any CPU
		{0F6B651E-D1F9-467F-A8F3-D1006C277E51}.Release|Any CPU.Build.0 = Release|Any CPU
		{15A4DF23-86EA-49B4-B120-E8F123F8DAFE}.Debug|Any CPU.ActiveCfg = Debug|Any CPU
		{15A4DF23-86EA-49B4-B120-E8F123F8DAFE}.Debug|Any CPU.Build.0 = Debug|Any CPU
		{15A4DF23-86EA-49B4-B120-E8F123F8DAFE}.Release|Any CPU.ActiveCfg = Release|Any CPU
		{15A4DF23-86EA-49B4-B120-E8F123F8DAFE}.Release|Any CPU.Build.0 = Release|Any CPU
		{736EB022-A7B9-43AA-95C3-05A84B57F7E7}.Debug|Any CPU.ActiveCfg = Debug|Any CPU
		{736EB022-A7B9-43AA-95C3-05A84B57F7E7}.Debug|Any CPU.Build.0 = Debug|Any CPU
		{736EB022-A7B9-43AA-95C3-05A84B57F7E7}.Release|Any CPU.ActiveCfg = Release|Any CPU
		{736EB022-A7B9-43AA-95C3-05A84B57F7E7}.Release|Any CPU.Build.0 = Release|Any CPU
		{45953D5D-FCB8-48F1-8DD4-9D4FAA031B57}.Debug|Any CPU.ActiveCfg = Debug|Any CPU
		{45953D5D-FCB8-48F1-8DD4-9D4FAA031B57}.Debug|Any CPU.Build.0 = Debug|Any CPU
		{45953D5D-FCB8-48F1-8DD4-9D4FAA031B57}.Release|Any CPU.ActiveCfg = Release|Any CPU
		{45953D5D-FCB8-48F1-8DD4-9D4FAA031B57}.Release|Any CPU.Build.0 = Release|Any CPU
		{77C865CD-B068-4E41-8736-5B38386611EB}.Debug|Any CPU.ActiveCfg = Debug|Any CPU
		{77C865CD-B068-4E41-8736-5B38386611EB}.Debug|Any CPU.Build.0 = Debug|Any CPU
		{77C865CD-B068-4E41-8736-5B38386611EB}.Release|Any CPU.ActiveCfg = Release|Any CPU
		{77C865CD-B068-4E41-8736-5B38386611EB}.Release|Any CPU.Build.0 = Release|Any CPU
		{D8938702-94AE-48A4-B5D7-F31750BCC99C}.Debug|Any CPU.ActiveCfg = Debug|Any CPU
		{D8938702-94AE-48A4-B5D7-F31750BCC99C}.Debug|Any CPU.Build.0 = Debug|Any CPU
		{D8938702-94AE-48A4-B5D7-F31750BCC99C}.Release|Any CPU.ActiveCfg = Release|Any CPU
		{D8938702-94AE-48A4-B5D7-F31750BCC99C}.Release|Any CPU.Build.0 = Release|Any CPU
		{90279D2E-9680-4488-881E-6135BE1295D0}.Debug|Any CPU.ActiveCfg = Debug|Any CPU
		{90279D2E-9680-4488-881E-6135BE1295D0}.Debug|Any CPU.Build.0 = Debug|Any CPU
		{90279D2E-9680-4488-881E-6135BE1295D0}.Release|Any CPU.ActiveCfg = Release|Any CPU
		{90279D2E-9680-4488-881E-6135BE1295D0}.Release|Any CPU.Build.0 = Release|Any CPU
		{CFD72D0E-4E3C-4D22-B932-B9C35825B045}.Debug|Any CPU.ActiveCfg = Debug|Any CPU
		{CFD72D0E-4E3C-4D22-B932-B9C35825B045}.Debug|Any CPU.Build.0 = Debug|Any CPU
		{CFD72D0E-4E3C-4D22-B932-B9C35825B045}.Release|Any CPU.ActiveCfg = Release|Any CPU
		{CFD72D0E-4E3C-4D22-B932-B9C35825B045}.Release|Any CPU.Build.0 = Release|Any CPU
	EndGlobalSection
	GlobalSection(SolutionProperties) = preSolution
		HideSolutionNode = FALSE
	EndGlobalSection
	GlobalSection(NestedProjects) = preSolution
		{9A51CFCB-A18A-428A-843A-FE7CF2EEF523} = {5DECD423-5B05-4F46-AB72-7CA9CCB27E0C}
		{EA097539-121F-4DCB-ACAE-B4BE2076BABE} = {D8B4C45B-D1CB-4A9B-9D7E-6570CCADDA7E}
		{930A00A6-2935-4EA0-81F0-B16D3E71B74C} = {1C61B7E0-3603-4193-9B05-A5FF0CAFBD11}
		{930A00A6-2935-4EA0-81F0-C16D3E71B74C} = {1C61B7E0-3603-4193-9B05-A5FF0CAFBD11}
		{E3DC203A-C84C-4D46-BEC0-8A3D612FC5D6} = {FC4A3B8A-ADBE-4DA1-9978-8157F89236DD}
		{904B04C0-5095-40F9-915A-005F80BC2CB1} = {C75FFBF1-9DCE-4BC4-9F20-F95B243ABEE3}
		{5B1134DE-7840-4309-83F9-843606F01727} = {52326CC0-4619-41C5-9D9A-8D44BADFBA2F}
		{49CAD984-906A-4B18-9982-E003D8668FE4} = {C75FFBF1-9DCE-4BC4-9F20-F95B243ABEE3}
		{3E03B28F-BC65-459F-89E5-70D89905D636} = {C75FFBF1-9DCE-4BC4-9F20-F95B243ABEE3}
		{0F6B651E-D1F9-467F-A8F3-D1006C277E51} = {C75FFBF1-9DCE-4BC4-9F20-F95B243ABEE3}
		{15A4DF23-86EA-49B4-B120-E8F123F8DAFE} = {5DECD423-5B05-4F46-AB72-7CA9CCB27E0C}
		{C9650F99-DF26-4D54-9826-5F77275C9D31} = {5DECD423-5B05-4F46-AB72-7CA9CCB27E0C}
		{736EB022-A7B9-43AA-95C3-05A84B57F7E7} = {1C61B7E0-3603-4193-9B05-A5FF0CAFBD11}
		{3C122EF8-491B-447B-94E4-ADA9D818403C} = {1C61B7E0-3603-4193-9B05-A5FF0CAFBD11}
		{D86DABEA-94CE-4FBF-818B-ADB7B0134CB0} = {52326CC0-4619-41C5-9D9A-8D44BADFBA2F}
		{45953D5D-FCB8-48F1-8DD4-9D4FAA031B57} = {52326CC0-4619-41C5-9D9A-8D44BADFBA2F}
		{B5A960D4-AAF4-41D9-AE4D-5CCB29CEE4EB} = {FC4A3B8A-ADBE-4DA1-9978-8157F89236DD}
		{D8938702-94AE-48A4-B5D7-F31750BCC99C} = {FC4A3B8A-ADBE-4DA1-9978-8157F89236DD}
		{90279D2E-9680-4488-881E-6135BE1295D0} = {D8B4C45B-D1CB-4A9B-9D7E-6570CCADDA7E}
		{9A37531D-CC0A-4891-8C2A-87BDE418138A} = {D8B4C45B-D1CB-4A9B-9D7E-6570CCADDA7E}
		{CFD72D0E-4E3C-4D22-B932-B9C35825B045} = {C75FFBF1-9DCE-4BC4-9F20-F95B243ABEE3}
	EndGlobalSection
	GlobalSection(ExtensibilityGlobals) = postSolution
		SolutionGuid = {19B0272D-3305-4C60-8DD9-E15889B2FF54}
	EndGlobalSection
	GlobalSection(SharedMSBuildProjectFiles) = preSolution
		Core_Bulge\Core_Bulge.projitems*{0f6b651e-d1f9-467f-a8f3-d1006c277e51}*SharedItemsImports = 4
		Core_GameplayMod\Core_GameplayMod.projitems*{15a4df23-86ea-49b4-b120-e8f123f8dafe}*SharedItemsImports = 4
		Core_Pregnancy_KK\Core_Pregnancy_KK.projitems*{3c122ef8-491b-447b-94e4-ada9d818403c}*SharedItemsImports = 13
		Core_Bulge\Core_Bulge.projitems*{3e03b28f-bc65-459f-89e5-70d89905d636}*SharedItemsImports = 13
		Core_LewdCrestX\Core_LewdCrestX.projitems*{45953d5d-fcb8-48f1-8dd4-9d4faa031b57}*SharedItemsImports = 4
		Core_Bulge\Core_Bulge.projitems*{49cad984-906a-4b18-9982-e003d8668fe4}*SharedItemsImports = 4
		Core_LewdCrestX\Core_LewdCrestX.projitems*{5b1134de-7840-4309-83f9-843606f01727}*SharedItemsImports = 4
		Core_Pregnancy_KK\Core_Pregnancy_KK.projitems*{736eb022-a7b9-43aa-95c3-05a84b57f7e7}*SharedItemsImports = 4
		Core_NightDarkener\Core_NightDarkener.projitems*{90279d2e-9680-4488-881e-6135be1295d0}*SharedItemsImports = 4
		Core_Bulge\Core_Bulge.projitems*{904b04c0-5095-40f9-915a-005f80bc2cb1}*SharedItemsImports = 4
		Core_Pregnancy_KK\Core_Pregnancy_KK.projitems*{930a00a6-2935-4ea0-81f0-b16d3e71b74c}*SharedItemsImports = 4
		Core_NightDarkener\Core_NightDarkener.projitems*{9a37531d-cc0a-4891-8c2a-87bde418138a}*SharedItemsImports = 13
		Core_GameplayMod\Core_GameplayMod.projitems*{9a51cfcb-a18a-428a-843a-fe7cf2eef523}*SharedItemsImports = 4
		Core_MoanSoftly\Core_MoanSoftly.projitems*{b5a960d4-aaf4-41d9-ae4d-5ccb29cee4eb}*SharedItemsImports = 13
		Core_GameplayMod\Core_GameplayMod.projitems*{c9650f99-df26-4d54-9826-5f77275c9d31}*SharedItemsImports = 13
		Core_Bulge\Core_Bulge.projitems*{cfd72d0e-4e3c-4d22-b932-b9c35825b045}*SharedItemsImports = 4
		Core_LewdCrestX\Core_LewdCrestX.projitems*{d86dabea-94ce-4fbf-818b-adb7b0134cb0}*SharedItemsImports = 13
		Core_MoanSoftly\Core_MoanSoftly.projitems*{d8938702-94ae-48a4-b5d7-f31750bcc99c}*SharedItemsImports = 4
		Core_MoanSoftly\Core_MoanSoftly.projitems*{e3dc203a-c84c-4d46-bec0-8a3d612fc5d6}*SharedItemsImports = 4
		Core_NightDarkener\Core_NightDarkener.projitems*{ea097539-121f-4dcb-acae-b4be2076babe}*SharedItemsImports = 4
	EndGlobalSection
EndGlobal
